{
  "version": 4,
  "terraform_version": "1.9.7",
  "serial": 11,
  "lineage": "3fe25fb6-9bea-72be-3a48-6d3b4d02c32d",
  "outputs": {},
  "resources": [
    {
      "mode": "data",
      "type": "template_file",
      "name": "user_data",
      "provider": "provider[\"registry.terraform.io/hashicorp/template\"]",
      "instances": [
        {
          "schema_version": 0,
          "attributes": {
            "filename": null,
            "id": "ab9a7f87ed02c8c73c5246ec5962941c29832c4755e6d2585118d525d312733a",
            "rendered": "#cloud-config\n# examples:\n# https://cloudinit.readthedocs.io/en/latest/topics/examples.html\nssh_pwauth: true\ndisable_root: false\nchpasswd:\n  list: |\n    ubuntu:123456\n  expire: false\nusers:\n  - name: ubuntu\n    sudo: ALL=(ALL) NOPASSWD:ALL\n    groups: users, admin\n    home: /home/ubuntu\n    shell: /bin/bash\n    lock_passwd: false\n    ssh-authorized-keys:\n      - ssh-ed25519 AAAAC3NzaC1lZDI1NTE5AAAAIJlT2pZTIXtfHjneoQUZ/j+0cx6Tr1QillUnAEciLR/4 dung@192.168.1.8\nfinal_message: \"The system is up after $UPTIME seconds\"\n\n",
            "template": "#cloud-config\n# examples:\n# https://cloudinit.readthedocs.io/en/latest/topics/examples.html\nssh_pwauth: true\ndisable_root: false\nchpasswd:\n  list: |\n    ubuntu:123456\n  expire: false\nusers:\n  - name: ubuntu\n    sudo: ALL=(ALL) NOPASSWD:ALL\n    groups: users, admin\n    home: /home/ubuntu\n    shell: /bin/bash\n    lock_passwd: false\n    ssh-authorized-keys:\n      - ssh-ed25519 AAAAC3NzaC1lZDI1NTE5AAAAIJlT2pZTIXtfHjneoQUZ/j+0cx6Tr1QillUnAEciLR/4 dung@192.168.1.8\nfinal_message: \"The system is up after $UPTIME seconds\"\n\n",
            "vars": null
          },
          "sensitive_attributes": []
        }
      ]
    },
    {
      "mode": "managed",
      "type": "libvirt_cloudinit_disk",
      "name": "commoninit",
      "provider": "provider[\"registry.terraform.io/dmacvicar/libvirt\"]",
      "instances": [
        {
          "schema_version": 0,
          "attributes": {
            "id": "/data/vm2/commoninit.iso;3fede672-1d17-42bd-bfa2-97684d621bbe",
            "meta_data": "",
            "name": "commoninit.iso",
            "network_config": "",
            "pool": "ubuntu2",
            "user_data": "#cloud-config\n# examples:\n# https://cloudinit.readthedocs.io/en/latest/topics/examples.html\nssh_pwauth: true\ndisable_root: false\nchpasswd:\n  list: |\n    ubuntu:123456\n  expire: false\nusers:\n  - name: ubuntu\n    sudo: ALL=(ALL) NOPASSWD:ALL\n    groups: users, admin\n    home: /home/ubuntu\n    shell: /bin/bash\n    lock_passwd: false\n    ssh-authorized-keys:\n      - ssh-ed25519 AAAAC3NzaC1lZDI1NTE5AAAAIJlT2pZTIXtfHjneoQUZ/j+0cx6Tr1QillUnAEciLR/4 dung@192.168.1.8\nfinal_message: \"The system is up after $UPTIME seconds\"\n\n"
          },
          "sensitive_attributes": [],
          "private": "bnVsbA==",
          "dependencies": [
            "data.template_file.user_data",
            "libvirt_pool.ubuntu"
          ]
        }
      ]
    },
    {
      "mode": "managed",
      "type": "libvirt_pool",
      "name": "ubuntu",
      "provider": "provider[\"registry.terraform.io/dmacvicar/libvirt\"]",
      "instances": [
        {
          "schema_version": 0,
          "attributes": {
            "allocation": 42278699008,
            "available": 41804865536,
            "capacity": 84083564544,
            "id": "ccb57164-62dc-4c9f-bbce-1974e2536bd8",
            "name": "ubuntu2",
            "path": "/data/vm2",
            "type": "dir",
            "xml": []
          },
          "sensitive_attributes": [],
          "private": "bnVsbA=="
        }
      ]
    },
    {
      "mode": "managed",
      "type": "libvirt_volume",
      "name": "bigdata-vm-qcow2",
      "provider": "provider[\"registry.terraform.io/dmacvicar/libvirt\"]",
      "instances": [
        {
          "index_key": 0,
          "status": "tainted",
          "schema_version": 0,
          "attributes": {
            "base_volume_id": null,
            "base_volume_name": null,
            "base_volume_pool": null,
            "format": "qcow2",
            "id": "/data/vm2/bigdata-vm-qcow2-0",
            "name": "bigdata-vm-qcow2-0",
            "pool": "ubuntu2",
            "size": null,
            "source": "https://cloud-images.ubuntu.com/releases/22.04/release/ubuntu-22.04-server-cloudimg-amd64-disk-kvm.img",
            "xml": []
          },
          "sensitive_attributes": [],
          "private": "bnVsbA==",
          "dependencies": [
            "libvirt_pool.ubuntu"
          ]
        },
        {
          "index_key": 1,
          "schema_version": 0,
          "attributes": {
            "base_volume_id": null,
            "base_volume_name": null,
            "base_volume_pool": null,
            "format": "qcow2",
            "id": "/data/vm2/bigdata-vm-qcow2-1",
            "name": "bigdata-vm-qcow2-1",
            "pool": "ubuntu2",
            "size": 2361393152,
            "source": "https://cloud-images.ubuntu.com/releases/22.04/release/ubuntu-22.04-server-cloudimg-amd64-disk-kvm.img",
            "xml": []
          },
          "sensitive_attributes": [],
          "private": "bnVsbA==",
          "dependencies": [
            "libvirt_pool.ubuntu"
          ]
        },
        {
          "index_key": 2,
          "schema_version": 0,
          "attributes": {
            "base_volume_id": null,
            "base_volume_name": null,
            "base_volume_pool": null,
            "format": "qcow2",
            "id": "/data/vm2/bigdata-vm-qcow2-2",
            "name": "bigdata-vm-qcow2-2",
            "pool": "ubuntu2",
            "size": 2361393152,
            "source": "https://cloud-images.ubuntu.com/releases/22.04/release/ubuntu-22.04-server-cloudimg-amd64-disk-kvm.img",
            "xml": []
          },
          "sensitive_attributes": [],
          "private": "bnVsbA==",
          "dependencies": [
            "libvirt_pool.ubuntu"
          ]
        }
      ]
    }
  ],
  "check_results": null
}
