{
  "version": 4,
  "terraform_version": "1.9.7",
  "serial": 587,
  "lineage": "795431f9-a2f9-c340-d4d0-6ff6dcbbc1d3",
  "outputs": {
    "ips": {
      "value": [
        "192.168.122.47",
        "192.168.122.231",
        "192.168.122.174"
      ],
      "type": [
        "list",
        "string"
      ]
    }
  },
  "resources": [
    {
      "mode": "data",
      "type": "template_file",
      "name": "user_data",
      "provider": "provider[\"registry.terraform.io/hashicorp/template\"]",
      "instances": [
        {
          "schema_version": 0,
          "attributes": {
            "filename": null,
            "id": "ab9a7f87ed02c8c73c5246ec5962941c29832c4755e6d2585118d525d312733a",
            "rendered": "#cloud-config\n# examples:\n# https://cloudinit.readthedocs.io/en/latest/topics/examples.html\nssh_pwauth: true\ndisable_root: false\nchpasswd:\n  list: |\n    ubuntu:123456\n  expire: false\nusers:\n  - name: ubuntu\n    sudo: ALL=(ALL) NOPASSWD:ALL\n    groups: users, admin\n    home: /home/ubuntu\n    shell: /bin/bash\n    lock_passwd: false\n    ssh-authorized-keys:\n      - ssh-ed25519 AAAAC3NzaC1lZDI1NTE5AAAAIJlT2pZTIXtfHjneoQUZ/j+0cx6Tr1QillUnAEciLR/4 dung@192.168.1.8\nfinal_message: \"The system is up after $UPTIME seconds\"\n\n",
            "template": "#cloud-config\n# examples:\n# https://cloudinit.readthedocs.io/en/latest/topics/examples.html\nssh_pwauth: true\ndisable_root: false\nchpasswd:\n  list: |\n    ubuntu:123456\n  expire: false\nusers:\n  - name: ubuntu\n    sudo: ALL=(ALL) NOPASSWD:ALL\n    groups: users, admin\n    home: /home/ubuntu\n    shell: /bin/bash\n    lock_passwd: false\n    ssh-authorized-keys:\n      - ssh-ed25519 AAAAC3NzaC1lZDI1NTE5AAAAIJlT2pZTIXtfHjneoQUZ/j+0cx6Tr1QillUnAEciLR/4 dung@192.168.1.8\nfinal_message: \"The system is up after $UPTIME seconds\"\n\n",
            "vars": null
          },
          "sensitive_attributes": []
        }
      ]
    },
    {
      "mode": "managed",
      "type": "libvirt_cloudinit_disk",
      "name": "commoninit",
      "provider": "provider[\"registry.terraform.io/dmacvicar/libvirt\"]",
      "instances": [
        {
          "schema_version": 0,
          "attributes": {
            "id": "/data/bigdatavm/commoninit.iso;8015da89-2ea1-4ff1-92fa-eec8a379ae22",
            "meta_data": "",
            "name": "commoninit.iso",
            "network_config": "",
            "pool": "bigdata",
            "user_data": "#cloud-config\n# examples:\n# https://cloudinit.readthedocs.io/en/latest/topics/examples.html\nssh_pwauth: true\ndisable_root: false\nchpasswd:\n  list: |\n    ubuntu:123456\n  expire: false\nusers:\n  - name: ubuntu\n    sudo: ALL=(ALL) NOPASSWD:ALL\n    groups: users, admin\n    home: /home/ubuntu\n    shell: /bin/bash\n    lock_passwd: false\n    ssh-authorized-keys:\n      - ssh-ed25519 AAAAC3NzaC1lZDI1NTE5AAAAIJlT2pZTIXtfHjneoQUZ/j+0cx6Tr1QillUnAEciLR/4 dung@192.168.1.8\nfinal_message: \"The system is up after $UPTIME seconds\"\n\n"
          },
          "sensitive_attributes": [],
          "private": "bnVsbA==",
          "dependencies": [
            "data.template_file.user_data",
            "libvirt_pool.ubuntu"
          ]
        }
      ]
    },
    {
      "mode": "managed",
      "type": "libvirt_domain",
      "name": "domain-bigdata-vm",
      "provider": "provider[\"registry.terraform.io/dmacvicar/libvirt\"]",
      "instances": [
        {
          "index_key": 0,
          "schema_version": 0,
          "attributes": {
            "arch": "x86_64",
            "autostart": false,
            "boot_device": [],
            "cloudinit": "/data/bigdatavm/commoninit.iso;8015da89-2ea1-4ff1-92fa-eec8a379ae22",
            "cmdline": null,
            "console": [
              {
                "source_host": "127.0.0.1",
                "source_path": "",
                "source_service": "0",
                "target_port": "0",
                "target_type": "serial",
                "type": "pty"
              },
              {
                "source_host": "127.0.0.1",
                "source_path": "",
                "source_service": "0",
                "target_port": "1",
                "target_type": "virtio",
                "type": "pty"
              }
            ],
            "coreos_ignition": null,
            "cpu": [
              {
                "mode": "custom"
              }
            ],
            "description": "",
            "disk": [
              {
                "block_device": "",
                "file": "",
                "scsi": false,
                "url": "",
                "volume_id": "/data/bigdatavm/bigdata-vm-qcow2-0",
                "wwn": ""
              }
            ],
            "emulator": "/usr/bin/qemu-system-x86_64",
            "filesystem": [],
            "firmware": null,
            "fw_cfg_name": "opt/com.coreos/config",
            "graphics": [
              {
                "autoport": true,
                "listen_address": "127.0.0.1",
                "listen_type": "address",
                "type": "spice",
                "websocket": 0
              }
            ],
            "id": "545f01e8-f617-43cf-8986-bdea4f48c4c6",
            "initrd": "",
            "kernel": "",
            "machine": "pc",
            "memory": 2048,
            "metadata": null,
            "name": "vm-0",
            "network_interface": [
              {
                "addresses": [
                  "192.168.122.47"
                ],
                "bridge": "",
                "hostname": "vm-0",
                "mac": "52:54:00:0A:51:54",
                "macvtap": "",
                "network_id": "26bd4029-e9ab-4c89-abfd-d1b4ee50d829",
                "network_name": "default",
                "passthrough": "",
                "vepa": "",
                "wait_for_lease": true
              }
            ],
            "nvram": null,
            "qemu_agent": false,
            "running": true,
            "timeouts": null,
            "tpm": [],
            "type": "kvm",
            "vcpu": 1,
            "video": [],
            "xml": []
          },
          "sensitive_attributes": [],
          "private": "eyJlMmJmYjczMC1lY2FhLTExZTYtOGY4OC0zNDM2M2JjN2M0YzAiOnsiY3JlYXRlIjozMDAwMDAwMDAwMDB9fQ==",
          "dependencies": [
            "data.template_file.user_data",
            "libvirt_cloudinit_disk.commoninit",
            "libvirt_pool.ubuntu",
            "libvirt_volume.base-ubuntu-vol",
            "libvirt_volume.bigdata-vm-qcow2"
          ]
        },
        {
          "index_key": 1,
          "schema_version": 0,
          "attributes": {
            "arch": "x86_64",
            "autostart": false,
            "boot_device": [],
            "cloudinit": "/data/bigdatavm/commoninit.iso;8015da89-2ea1-4ff1-92fa-eec8a379ae22",
            "cmdline": null,
            "console": [
              {
                "source_host": "127.0.0.1",
                "source_path": "",
                "source_service": "0",
                "target_port": "0",
                "target_type": "serial",
                "type": "pty"
              },
              {
                "source_host": "127.0.0.1",
                "source_path": "",
                "source_service": "0",
                "target_port": "1",
                "target_type": "virtio",
                "type": "pty"
              }
            ],
            "coreos_ignition": null,
            "cpu": [
              {
                "mode": "custom"
              }
            ],
            "description": "",
            "disk": [
              {
                "block_device": "",
                "file": "",
                "scsi": false,
                "url": "",
                "volume_id": "/data/bigdatavm/bigdata-vm-qcow2-1",
                "wwn": ""
              }
            ],
            "emulator": "/usr/bin/qemu-system-x86_64",
            "filesystem": [],
            "firmware": null,
            "fw_cfg_name": "opt/com.coreos/config",
            "graphics": [
              {
                "autoport": true,
                "listen_address": "127.0.0.1",
                "listen_type": "address",
                "type": "spice",
                "websocket": 0
              }
            ],
            "id": "c16ab259-ee83-4a57-9987-ee1f2924db27",
            "initrd": "",
            "kernel": "",
            "machine": "pc",
            "memory": 2048,
            "metadata": null,
            "name": "vm-1",
            "network_interface": [
              {
                "addresses": [
                  "192.168.122.231"
                ],
                "bridge": "",
                "hostname": "vm-1",
                "mac": "52:54:00:62:34:58",
                "macvtap": "",
                "network_id": "26bd4029-e9ab-4c89-abfd-d1b4ee50d829",
                "network_name": "default",
                "passthrough": "",
                "vepa": "",
                "wait_for_lease": true
              }
            ],
            "nvram": null,
            "qemu_agent": false,
            "running": true,
            "timeouts": null,
            "tpm": [],
            "type": "kvm",
            "vcpu": 1,
            "video": [],
            "xml": []
          },
          "sensitive_attributes": [],
          "private": "eyJlMmJmYjczMC1lY2FhLTExZTYtOGY4OC0zNDM2M2JjN2M0YzAiOnsiY3JlYXRlIjozMDAwMDAwMDAwMDB9fQ==",
          "dependencies": [
            "data.template_file.user_data",
            "libvirt_cloudinit_disk.commoninit",
            "libvirt_pool.ubuntu",
            "libvirt_volume.base-ubuntu-vol",
            "libvirt_volume.bigdata-vm-qcow2"
          ]
        },
        {
          "index_key": 2,
          "schema_version": 0,
          "attributes": {
            "arch": "x86_64",
            "autostart": false,
            "boot_device": [],
            "cloudinit": "/data/bigdatavm/commoninit.iso;8015da89-2ea1-4ff1-92fa-eec8a379ae22",
            "cmdline": null,
            "console": [
              {
                "source_host": "127.0.0.1",
                "source_path": "",
                "source_service": "0",
                "target_port": "0",
                "target_type": "serial",
                "type": "pty"
              },
              {
                "source_host": "127.0.0.1",
                "source_path": "",
                "source_service": "0",
                "target_port": "1",
                "target_type": "virtio",
                "type": "pty"
              }
            ],
            "coreos_ignition": null,
            "cpu": [
              {
                "mode": "custom"
              }
            ],
            "description": "",
            "disk": [
              {
                "block_device": "",
                "file": "",
                "scsi": false,
                "url": "",
                "volume_id": "/data/bigdatavm/bigdata-vm-qcow2-2",
                "wwn": ""
              }
            ],
            "emulator": "/usr/bin/qemu-system-x86_64",
            "filesystem": [],
            "firmware": null,
            "fw_cfg_name": "opt/com.coreos/config",
            "graphics": [
              {
                "autoport": true,
                "listen_address": "127.0.0.1",
                "listen_type": "address",
                "type": "spice",
                "websocket": 0
              }
            ],
            "id": "8ce1e06a-8c90-4e5f-a913-d7b2feba41ae",
            "initrd": "",
            "kernel": "",
            "machine": "pc",
            "memory": 2048,
            "metadata": null,
            "name": "vm-2",
            "network_interface": [
              {
                "addresses": [
                  "192.168.122.174"
                ],
                "bridge": "",
                "hostname": "vm-2",
                "mac": "52:54:00:A6:B2:B5",
                "macvtap": "",
                "network_id": "26bd4029-e9ab-4c89-abfd-d1b4ee50d829",
                "network_name": "default",
                "passthrough": "",
                "vepa": "",
                "wait_for_lease": true
              }
            ],
            "nvram": null,
            "qemu_agent": false,
            "running": true,
            "timeouts": null,
            "tpm": [],
            "type": "kvm",
            "vcpu": 1,
            "video": [],
            "xml": []
          },
          "sensitive_attributes": [],
          "private": "eyJlMmJmYjczMC1lY2FhLTExZTYtOGY4OC0zNDM2M2JjN2M0YzAiOnsiY3JlYXRlIjozMDAwMDAwMDAwMDB9fQ==",
          "dependencies": [
            "data.template_file.user_data",
            "libvirt_cloudinit_disk.commoninit",
            "libvirt_pool.ubuntu",
            "libvirt_volume.base-ubuntu-vol",
            "libvirt_volume.bigdata-vm-qcow2"
          ]
        }
      ]
    },
    {
      "mode": "managed",
      "type": "libvirt_pool",
      "name": "ubuntu",
      "provider": "provider[\"registry.terraform.io/dmacvicar/libvirt\"]",
      "instances": [
        {
          "schema_version": 0,
          "attributes": {
            "allocation": 43580444672,
            "available": 40503119872,
            "capacity": 84083564544,
            "id": "d45d8ce9-eff5-4aa3-b45a-a36fdeafb9af",
            "name": "bigdata",
            "path": "/data/bigdatavm",
            "type": "dir",
            "xml": []
          },
          "sensitive_attributes": [],
          "private": "bnVsbA=="
        }
      ]
    },
    {
      "mode": "managed",
      "type": "libvirt_volume",
      "name": "base-ubuntu-vol",
      "provider": "provider[\"registry.terraform.io/dmacvicar/libvirt\"]",
      "instances": [
        {
          "schema_version": 0,
          "attributes": {
            "base_volume_id": null,
            "base_volume_name": null,
            "base_volume_pool": null,
            "format": "qcow2",
            "id": "/data/bigdatavm/base-ubuntu.qcow2",
            "name": "base-ubuntu.qcow2",
            "pool": "bigdata",
            "size": 2361393152,
            "source": "../resources/ubuntu-22.04-server-cloudimg-amd64-disk-kvm.img",
            "xml": []
          },
          "sensitive_attributes": [],
          "private": "bnVsbA==",
          "dependencies": [
            "libvirt_pool.ubuntu"
          ]
        }
      ]
    },
    {
      "mode": "managed",
      "type": "libvirt_volume",
      "name": "bigdata-vm-qcow2",
      "provider": "provider[\"registry.terraform.io/dmacvicar/libvirt\"]",
      "instances": [
        {
          "index_key": 0,
          "schema_version": 0,
          "attributes": {
            "base_volume_id": "/data/bigdatavm/base-ubuntu.qcow2",
            "base_volume_name": null,
            "base_volume_pool": null,
            "format": "qcow2",
            "id": "/data/bigdatavm/bigdata-vm-qcow2-0",
            "name": "bigdata-vm-qcow2-0",
            "pool": "bigdata",
            "size": 10737418240,
            "source": null,
            "xml": []
          },
          "sensitive_attributes": [],
          "private": "bnVsbA==",
          "dependencies": [
            "libvirt_pool.ubuntu",
            "libvirt_volume.base-ubuntu-vol"
          ]
        },
        {
          "index_key": 1,
          "schema_version": 0,
          "attributes": {
            "base_volume_id": "/data/bigdatavm/base-ubuntu.qcow2",
            "base_volume_name": null,
            "base_volume_pool": null,
            "format": "qcow2",
            "id": "/data/bigdatavm/bigdata-vm-qcow2-1",
            "name": "bigdata-vm-qcow2-1",
            "pool": "bigdata",
            "size": 10737418240,
            "source": null,
            "xml": []
          },
          "sensitive_attributes": [],
          "private": "bnVsbA==",
          "dependencies": [
            "libvirt_pool.ubuntu",
            "libvirt_volume.base-ubuntu-vol"
          ]
        },
        {
          "index_key": 2,
          "schema_version": 0,
          "attributes": {
            "base_volume_id": "/data/bigdatavm/base-ubuntu.qcow2",
            "base_volume_name": null,
            "base_volume_pool": null,
            "format": "qcow2",
            "id": "/data/bigdatavm/bigdata-vm-qcow2-2",
            "name": "bigdata-vm-qcow2-2",
            "pool": "bigdata",
            "size": 10737418240,
            "source": null,
            "xml": []
          },
          "sensitive_attributes": [],
          "private": "bnVsbA==",
          "dependencies": [
            "libvirt_pool.ubuntu",
            "libvirt_volume.base-ubuntu-vol"
          ]
        }
      ]
    }
  ],
  "check_results": null
}
